
Microsoft Visual Studio Solution File, Format Version 12.00
# Visual Studio Version 17
VisualStudioVersion = 17.9.34622.214
MinimumVisualStudioVersion = 10.0.40219.1
Project("{9A19103F-16F7-4668-BE54-9A1E7A4F7556}") = "PersonelTakip", "PersonelTakip\PersonelTakip.csproj", "{BF40793A-6B9D-4318-A88E-0461F49F5F6E}"
EndProject
Project("{FAE04EC0-301F-11D3-BF4B-00C04F79EFBC}") = "BtkControls", "BtkControls\BtkControls.csproj", "{AB3CD75D-EF46-4604-A51E-62C725BB62D5}"
EndProject
Global
	GlobalSection(SolutionConfigurationPlatforms) = preSolution
		Debug|Any CPU = Debug|Any CPU
		Release|Any CPU = Release|Any CPU
	EndGlobalSection
	GlobalSection(ProjectConfigurationPlatforms) = postSolution
		{BF40793A-6B9D-4318-A88E-0461F49F5F6E}.Debug|Any CPU.ActiveCfg = Debug|Any CPU
		{BF40793A-6B9D-4318-A88E-0461F49F5F6E}.Debug|Any CPU.Build.0 = Debug|Any CPU
		{BF40793A-6B9D-4318-A88E-0461F49F5F6E}.Release|Any CPU.ActiveCfg = Release|Any CPU
		{BF40793A-6B9D-4318-A88E-0461F49F5F6E}.Release|Any CPU.Build.0 = Release|Any CPU
		{AB3CD75D-EF46-4604-A51E-62C725BB62D5}.Debug|Any CPU.ActiveCfg = Debug|Any CPU
		{AB3CD75D-EF46-4604-A51E-62C725BB62D5}.Debug|Any CPU.Build.0 = Debug|Any CPU
		{AB3CD75D-EF46-4604-A51E-62C725BB62D5}.Release|Any CPU.ActiveCfg = Release|Any CPU
		{AB3CD75D-EF46-4604-A51E-62C725BB62D5}.Release|Any CPU.Build.0 = Release|Any CPU
	EndGlobalSection
	GlobalSection(SolutionProperties) = preSolution
		HideSolutionNode = FALSE
	EndGlobalSection
	GlobalSection(ExtensibilityGlobals) = postSolution
		SolutionGuid = {9E96FE86-9738-43E0-B0D8-73FF34B421F9}
	EndGlobalSection
EndGlobal
